// !$*UTF8*$!
{
	archiveVersion = 1;
	classes = {
	};
	objectVersion = 50;
	objects = {

/* Begin PBXBuildFile section */
		3BE6B6AF246C0C9C00CB2C45 /* AppDelegate.swift in Sources */ = {isa = PBXBuildFile; fileRef = 3BE6B6AE246C0C9C00CB2C45 /* AppDelegate.swift */; };
		3BE6B6B3246C0C9C00CB2C45 /* ViewController.swift in Sources */ = {isa = PBXBuildFile; fileRef = 3BE6B6B2246C0C9C00CB2C45 /* ViewController.swift */; };
		3BE6B6B6246C0C9C00CB2C45 /* Main.storyboard in Resources */ = {isa = PBXBuildFile; fileRef = 3BE6B6B4246C0C9C00CB2C45 /* Main.storyboard */; };
		3BE6B6B8246C0C9E00CB2C45 /* Assets.xcassets in Resources */ = {isa = PBXBuildFile; fileRef = 3BE6B6B7246C0C9E00CB2C45 /* Assets.xcassets */; };
		3BE6B6BB246C0C9E00CB2C45 /* LaunchScreen.storyboard in Resources */ = {isa = PBXBuildFile; fileRef = 3BE6B6B9246C0C9E00CB2C45 /* LaunchScreen.storyboard */; };
		DBECE0EEAA7E6D587684CB0F /* Pods_DaggerExample.framework in Frameworks */ = {isa = PBXBuildFile; fileRef = 3C92CC6DA9D3749C6BCD550A /* Pods_DaggerExample.framework */; };
/* End PBXBuildFile section */

/* Begin PBXFileReference section */
		3BE6B6AB246C0C9C00CB2C45 /* DaggerExample.app */ = {isa = PBXFileReference; explicitFileType = wrapper.application; includeInIndex = 0; path = DaggerExample.app; sourceTree = BUILT_PRODUCTS_DIR; };
		3BE6B6AE246C0C9C00CB2C45 /* AppDelegate.swift */ = {isa = PBXFileReference; lastKnownFileType = sourcecode.swift; path = AppDelegate.swift; sourceTree = "<group>"; };
		3BE6B6B2246C0C9C00CB2C45 /* ViewController.swift */ = {isa = PBXFileReference; lastKnownFileType = sourcecode.swift; path = ViewController.swift; sourceTree = "<group>"; };
		3BE6B6B5246C0C9C00CB2C45 /* Base */ = {isa = PBXFileReference; lastKnownFileType = file.storyboard; name = Base; path = Base.lproj/Main.storyboard; sourceTree = "<group>"; };
		3BE6B6B7246C0C9E00CB2C45 /* Assets.xcassets */ = {isa = PBXFileReference; lastKnownFileType = folder.assetcatalog; path = Assets.xcassets; sourceTree = "<group>"; };
		3BE6B6BA246C0C9E00CB2C45 /* Base */ = {isa = PBXFileReference; lastKnownFileType = file.storyboard; name = Base; path = Base.lproj/LaunchScreen.storyboard; sourceTree = "<group>"; };
		3BE6B6BC246C0C9E00CB2C45 /* Info.plist */ = {isa = PBXFileReference; lastKnownFileType = text.plist.xml; path = Info.plist; sourceTree = "<group>"; };
		3C92CC6DA9D3749C6BCD550A /* Pods_DaggerExample.framework */ = {isa = PBXFileReference; explicitFileType = wrapper.framework; includeInIndex = 0; path = Pods_DaggerExample.framework; sourceTree = BUILT_PRODUCTS_DIR; };
		5CBFEA414FA63B008123BC40 /* Pods-DaggerExample.debug.xcconfig */ = {isa = PBXFileReference; includeInIndex = 1; lastKnownFileType = text.xcconfig; name = "Pods-DaggerExample.debug.xcconfig"; path = "Target Support Files/Pods-DaggerExample/Pods-DaggerExample.debug.xcconfig"; sourceTree = "<group>"; };
		611DA2C6A50070525DC00EE3 /* Pods-DaggerExample.release.xcconfig */ = {isa = PBXFileReference; includeInIndex = 1; lastKnownFileType = text.xcconfig; name = "Pods-DaggerExample.release.xcconfig"; path = "Target Support Files/Pods-DaggerExample/Pods-DaggerExample.release.xcconfig"; sourceTree = "<group>"; };
/* End PBXFileReference section */

/* Begin PBXFrameworksBuildPhase section */
		3BE6B6A8246C0C9C00CB2C45 /* Frameworks */ = {
			isa = PBXFrameworksBuildPhase;
			buildActionMask = 2147483647;
			files = (
				DBECE0EEAA7E6D587684CB0F /* Pods_DaggerExample.framework in Frameworks */,
			);
			runOnlyForDeploymentPostprocessing = 0;
		};
/* End PBXFrameworksBuildPhase section */

/* Begin PBXGroup section */
		3BE6B6A2246C0C9C00CB2C45 = {
			isa = PBXGroup;
			children = (
				3BE6B6AD246C0C9C00CB2C45 /* DaggerExample */,
				3BE6B6AC246C0C9C00CB2C45 /* Products */,
				A5205850AC6FFE3B6F2A77C1 /* Pods */,
				C5A5A542A9D552104718D3AC /* Frameworks */,
			);
			sourceTree = "<group>";
		};
		3BE6B6AC246C0C9C00CB2C45 /* Products */ = {
			isa = PBXGroup;
			children = (
				3BE6B6AB246C0C9C00CB2C45 /* DaggerExample.app */,
			);
			name = Products;
			sourceTree = "<group>";
		};
		3BE6B6AD246C0C9C00CB2C45 /* DaggerExample */ = {
			isa = PBXGroup;
			children = (
				3BE6B6AE246C0C9C00CB2C45 /* AppDelegate.swift */,
				3BE6B6B2246C0C9C00CB2C45 /* ViewController.swift */,
				3BE6B6B4246C0C9C00CB2C45 /* Main.storyboard */,
				3BE6B6B7246C0C9E00CB2C45 /* Assets.xcassets */,
				3BE6B6B9246C0C9E00CB2C45 /* LaunchScreen.storyboard */,
				3BE6B6BC246C0C9E00CB2C45 /* Info.plist */,
			);
			path = DaggerExample;
			sourceTree = "<group>";
		};
		A5205850AC6FFE3B6F2A77C1 /* Pods */ = {
			isa = PBXGroup;
			children = (
				5CBFEA414FA63B008123BC40 /* Pods-DaggerExample.debug.xcconfig */,
				611DA2C6A50070525DC00EE3 /* Pods-DaggerExample.release.xcconfig */,
			);
			name = Pods;
			path = Pods;
			sourceTree = "<group>";
		};
		C5A5A542A9D552104718D3AC /* Frameworks */ = {
			isa = PBXGroup;
			children = (
				3C92CC6DA9D3749C6BCD550A /* Pods_DaggerExample.framework */,
			);
			name = Frameworks;
			sourceTree = "<group>";
		};
/* End PBXGroup section */

/* Begin PBXNativeTarget section */
		3BE6B6AA246C0C9C00CB2C45 /* DaggerExample */ = {
			isa = PBXNativeTarget;
			buildConfigurationList = 3BE6B6BF246C0C9E00CB2C45 /* Build configuration list for PBXNativeTarget "DaggerExample" */;
			buildPhases = (
				B9006F9546288883C9855FB5 /* [CP] Check Pods Manifest.lock */,
				3BE6B6A7246C0C9C00CB2C45 /* Sources */,
				3BE6B6A8246C0C9C00CB2C45 /* Frameworks */,
				3BE6B6A9246C0C9C00CB2C45 /* Resources */,
				2A7D712E68197AAD99876D6E /* [CP] Embed Pods Frameworks */,
			);
			buildRules = (
			);
			dependencies = (
			);
			name = DaggerExample;
			productName = Example;
			productReference = 3BE6B6AB246C0C9C00CB2C45 /* DaggerExample.app */;
			productType = "com.apple.product-type.application";
		};
/* End PBXNativeTarget section */

/* Begin PBXProject section */
		3BE6B6A3246C0C9C00CB2C45 /* Project object */ = {
			isa = PBXProject;
			attributes = {
				LastSwiftUpdateCheck = 1130;
				LastUpgradeCheck = 1130;
				ORGANIZATIONNAME = Matic;
				TargetAttributes = {
					3BE6B6AA246C0C9C00CB2C45 = {
						CreatedOnToolsVersion = 11.3;
					};
				};
			};
			buildConfigurationList = 3BE6B6A6246C0C9C00CB2C45 /* Build configuration list for PBXProject "DaggerExample" */;
			compatibilityVersion = "Xcode 9.3";
			developmentRegion = en;
			hasScannedForEncodings = 0;
			knownRegions = (
				en,
				Base,
			);
			mainGroup = 3BE6B6A2246C0C9C00CB2C45;
			productRefGroup = 3BE6B6AC246C0C9C00CB2C45 /* Products */;
			projectDirPath = "";
			projectRoot = "";
			targets = (
				3BE6B6AA246C0C9C00CB2C45 /* DaggerExample */,
			);
		};
/* End PBXProject section */

/* Begin PBXResourcesBuildPhase section */
		3BE6B6A9246C0C9C00CB2C45 /* Resources */ = {
			isa = PBXResourcesBuildPhase;
			buildActionMask = 2147483647;
			files = (
				3BE6B6BB246C0C9E00CB2C45 /* LaunchScreen.storyboard in Resources */,
				3BE6B6B8246C0C9E00CB2C45 /* Assets.xcassets in Resources */,
				3BE6B6B6246C0C9C00CB2C45 /* Main.storyboard in Resources */,
			);
			runOnlyForDeploymentPostprocessing = 0;
		};
/* End PBXResourcesBuildPhase section */

/* Begin PBXShellScriptBuildPhase section */
		2A7D712E68197AAD99876D6E /* [CP] Embed Pods Frameworks */ = {
			isa = PBXShellScriptBuildPhase;
			buildActionMask = 2147483647;
			files = (
			);
			inputFileListPaths = (
				"${PODS_ROOT}/Target Support Files/Pods-DaggerExample/Pods-DaggerExample-frameworks-${CONFIGURATION}-input-files.xcfilelist",
			);
			name = "[CP] Embed Pods Frameworks";
			outputFileListPaths = (
				"${PODS_ROOT}/Target Support Files/Pods-DaggerExample/Pods-DaggerExample-frameworks-${CONFIGURATION}-output-files.xcfilelist",
			);
			runOnlyForDeploymentPostprocessing = 0;
			shellPath = /bin/sh;
			shellScript = "\"${PODS_ROOT}/Target Support Files/Pods-DaggerExample/Pods-DaggerExample-frameworks.sh\"\n";
			showEnvVarsInLog = 0;
		};
		B9006F9546288883C9855FB5 /* [CP] Check Pods Manifest.lock */ = {
			isa = PBXShellScriptBuildPhase;
			buildActionMask = 2147483647;
			files = (
			);
			inputFileListPaths = (
			);
			inputPaths = (
				"${PODS_PODFILE_DIR_PATH}/Podfile.lock",
				"${PODS_ROOT}/Manifest.lock",
			);
			name = "[CP] Check Pods Manifest.lock";
			outputFileListPaths = (
			);
			outputPaths = (
				"$(DERIVED_FILE_DIR)/Pods-DaggerExample-checkManifestLockResult.txt",
			);
			runOnlyForDeploymentPostprocessing = 0;
			shellPath = /bin/sh;
			shellScript = "diff \"${PODS_PODFILE_DIR_PATH}/Podfile.lock\" \"${PODS_ROOT}/Manifest.lock\" > /dev/null\nif [ $? != 0 ] ; then\n    # print error to STDERR\n    echo \"error: The sandbox is not in sync with the Podfile.lock. Run 'pod install' or update your CocoaPods installation.\" >&2\n    exit 1\nfi\n# This output is used by Xcode 'outputs' to avoid re-running this script phase.\necho \"SUCCESS\" > \"${SCRIPT_OUTPUT_FILE_0}\"\n";
			showEnvVarsInLog = 0;
		};
/* End PBXShellScriptBuildPhase section */

/* Begin PBXSourcesBuildPhase section */
		3BE6B6A7246C0C9C00CB2C45 /* Sources */ = {
			isa = PBXSourcesBuildPhase;
			buildActionMask = 2147483647;
			files = (
				3BE6B6B3246C0C9C00CB2C45 /* ViewController.swift in Sources */,
				3BE6B6AF246C0C9C00CB2C45 /* AppDelegate.swift in Sources */,
			);
			runOnlyForDeploymentPostprocessing = 0;
		};
/* End PBXSourcesBuildPhase section */

/* Begin PBXVariantGroup section */
		3BE6B6B4246C0C9C00CB2C45 /* Main.storyboard */ = {
			isa = PBXVariantGroup;
			children = (
				3BE6B6B5246C0C9C00CB2C45 /* Base */,
			);
			name = Main.storyboard;
			sourceTree = "<group>";
		};
		3BE6B6B9246C0C9E00CB2C45 /* LaunchScreen.storyboard */ = {
			isa = PBXVariantGroup;
			children = (
				3BE6B6BA246C0C9E00CB2C45 /* Base */,
			);
			name = LaunchScreen.storyboard;
			sourceTree = "<group>";
		};
/* End PBXVariantGroup section */

/* Begin XCBuildConfiguration section */
		3BE6B6BD246C0C9E00CB2C45 /* Debug */ = {
			isa = XCBuildConfiguration;
			buildSettings = {
				ALWAYS_SEARCH_USER_PATHS = NO;
				CLANG_ANALYZER_NONNULL = YES;
				CLANG_ANALYZER_NUMBER_OBJECT_CONVERSION = YES_AGGRESSIVE;
				CLANG_CXX_LANGUAGE_STANDARD = "gnu++14";
				CLANG_CXX_LIBRARY = "libc++";
				CLANG_ENABLE_MODULES = YES;
				CLANG_ENABLE_OBJC_ARC = YES;
				CLANG_ENABLE_OBJC_WEAK = YES;
				CLANG_WARN_BLOCK_CAPTURE_AUTORELEASING = YES;
				CLANG_WARN_BOOL_CONVERSION = YES;
				CLANG_WARN_COMMA = YES;
				CLANG_WARN_CONSTANT_CONVERSION = YES;
				CLANG_WARN_DEPRECATED_OBJC_IMPLEMENTATIONS = YES;
				CLANG_WARN_DIRECT_OBJC_ISA_USAGE = YES_ERROR;
				CLANG_WARN_DOCUMENTATION_COMMENTS = YES;
				CLANG_WARN_EMPTY_BODY = YES;
				CLANG_WARN_ENUM_CONVERSION = YES;
				CLANG_WARN_INFINITE_RECURSION = YES;
				CLANG_WARN_INT_CONVERSION = YES;
				CLANG_WARN_NON_LITERAL_NULL_CONVERSION = YES;
				CLANG_WARN_OBJC_IMPLICIT_RETAIN_SELF = YES;
				CLANG_WARN_OBJC_LITERAL_CONVERSION = YES;
				CLANG_WARN_OBJC_ROOT_CLASS = YES_ERROR;
				CLANG_WARN_RANGE_LOOP_ANALYSIS = YES;
				CLANG_WARN_STRICT_PROTOTYPES = YES;
				CLANG_WARN_SUSPICIOUS_MOVE = YES;
				CLANG_WARN_UNGUARDED_AVAILABILITY = YES_AGGRESSIVE;
				CLANG_WARN_UNREACHABLE_CODE = YES;
				CLANG_WARN__DUPLICATE_METHOD_MATCH = YES;
				COPY_PHASE_STRIP = NO;
				DEBUG_INFORMATION_FORMAT = dwarf;
				ENABLE_STRICT_OBJC_MSGSEND = YES;
				ENABLE_TESTABILITY = YES;
				GCC_C_LANGUAGE_STANDARD = gnu11;
				GCC_DYNAMIC_NO_PIC = NO;
				GCC_NO_COMMON_BLOCKS = YES;
				GCC_OPTIMIZATION_LEVEL = 0;
				GCC_PREPROCESSOR_DEFINITIONS = (
					"DEBUG=1",
					"$(inherited)",
				);
				GCC_WARN_64_TO_32_BIT_CONVERSION = YES;
				GCC_WARN_ABOUT_RETURN_TYPE = YES_ERROR;
				GCC_WARN_UNDECLARED_SELECTOR = YES;
				GCC_WARN_UNINITIALIZED_AUTOS = YES_AGGRESSIVE;
				GCC_WARN_UNUSED_FUNCTION = YES;
				GCC_WARN_UNUSED_VARIABLE = YES;
				IPHONEOS_DEPLOYMENT_TARGET = 11.0;
				MTL_ENABLE_DEBUG_INFO = INCLUDE_SOURCE;
				MTL_FAST_MATH = YES;
				ONLY_ACTIVE_ARCH = YES;
				SDKROOT = iphoneos;
				SWIFT_ACTIVE_COMPILATION_CONDITIONS = DEBUG;
				SWIFT_OPTIMIZATION_LEVEL = "-Onone";
			};
			name = Debug;
		};
		3BE6B6BE246C0C9E00CB2C45 /* Release */ = {
			isa = XCBuildConfiguration;
			buildSettings = {
				ALWAYS_SEARCH_USER_PATHS = NO;
				CLANG_ANALYZER_NONNULL = YES;
				CLANG_ANALYZER_NUMBER_OBJECT_CONVERSION = YES_AGGRESSIVE;
				CLANG_CXX_LANGUAGE_STANDARD = "gnu++14";
				CLANG_CXX_LIBRARY = "libc++";
				CLANG_ENABLE_MODULES = YES;
				CLANG_ENABLE_OBJC_ARC = YES;
				CLANG_ENABLE_OBJC_WEAK = YES;
				CLANG_WARN_BLOCK_CAPTURE_AUTORELEASING = YES;
				CLANG_WARN_BOOL_CONVERSION = YES;
				CLANG_WARN_COMMA = YES;
				CLANG_WARN_CONSTANT_CONVERSION = YES;
				CLANG_WARN_DEPRECATED_OBJC_IMPLEMENTATIONS = YES;
				CLANG_WARN_DIRECT_OBJC_ISA_USAGE = YES_ERROR;
				CLANG_WARN_DOCUMENTATION_COMMENTS = YES;
				CLANG_WARN_EMPTY_BODY = YES;
				CLANG_WARN_ENUM_CONVERSION = YES;
				CLANG_WARN_INFINITE_RECURSION = YES;
				CLANG_WARN_INT_CONVERSION = YES;
				CLANG_WARN_NON_LITERAL_NULL_CONVERSION = YES;
				CLANG_WARN_OBJC_IMPLICIT_RETAIN_SELF = YES;
				CLANG_WARN_OBJC_LITERAL_CONVERSION = YES;
				CLANG_WARN_OBJC_ROOT_CLASS = YES_ERROR;
				CLANG_WARN_RANGE_LOOP_ANALYSIS = YES;
				CLANG_WARN_STRICT_PROTOTYPES = YES;
				CLANG_WARN_SUSPICIOUS_MOVE = YES;
				CLANG_WARN_UNGUARDED_AVAILABILITY = YES_AGGRESSIVE;
				CLANG_WARN_UNREACHABLE_CODE = YES;
				CLANG_WARN__DUPLICATE_METHOD_MATCH = YES;
				COPY_PHASE_STRIP = NO;
				DEBUG_INFORMATION_FORMAT = "dwarf-with-dsym";
				ENABLE_NS_ASSERTIONS = NO;
				ENABLE_STRICT_OBJC_MSGSEND = YES;
				GCC_C_LANGUAGE_STANDARD = gnu11;
				GCC_NO_COMMON_BLOCKS = YES;
				GCC_WARN_64_TO_32_BIT_CONVERSION = YES;
				GCC_WARN_ABOUT_RETURN_TYPE = YES_ERROR;
				GCC_WARN_UNDECLARED_SELECTOR = YES;
				GCC_WARN_UNINITIALIZED_AUTOS = YES_AGGRESSIVE;
				GCC_WARN_UNUSED_FUNCTION = YES;
				GCC_WARN_UNUSED_VARIABLE = YES;
				IPHONEOS_DEPLOYMENT_TARGET = 11.0;
				MTL_ENABLE_DEBUG_INFO = NO;
				MTL_FAST_MATH = YES;
				SDKROOT = iphoneos;
				SWIFT_COMPILATION_MODE = wholemodule;
				SWIFT_OPTIMIZATION_LEVEL = "-O";
				VALIDATE_PRODUCT = YES;
			};
			name = Release;
		};
		3BE6B6C0246C0C9E00CB2C45 /* Debug */ = {
			isa = XCBuildConfiguration;
			baseConfigurationReference = 5CBFEA414FA63B008123BC40 /* Pods-DaggerExample.debug.xcconfig */;
			buildSettings = {
				ASSETCATALOG_COMPILER_APPICON_NAME = AppIcon;
				CODE_SIGN_STYLE = Automatic;
				DEVELOPMENT_TEAM = YK8JZW9C73;
				INFOPLIST_FILE = "$(SRCROOT)/DaggerExample/Info.plist";
				LD_RUNPATH_SEARCH_PATHS = (
					"$(inherited)",
					"@executable_path/Frameworks",
				);
				PRODUCT_BUNDLE_IDENTIFIER = network.matic.DaggerExample;
				PRODUCT_NAME = "$(TARGET_NAME)";
				SWIFT_VERSION = 5.0;
				TARGETED_DEVICE_FAMILY = 1;
			};
			name = Debug;
		};
		3BE6B6C1246C0C9E00CB2C45 /* Release */ = {
			isa = XCBuildConfiguration;
			baseConfigurationReference = 611DA2C6A50070525DC00EE3 /* Pods-DaggerExample.release.xcconfig */;
			buildSettings = {
				ASSETCATALOG_COMPILER_APPICON_NAME = AppIcon;
				CODE_SIGN_STYLE = Automatic;
				DEVELOPMENT_TEAM = YK8JZW9C73;
				INFOPLIST_FILE = "$(SRCROOT)/DaggerExample/Info.plist";
				LD_RUNPATH_SEARCH_PATHS = (
					"$(inherited)",
					"@executable_path/Frameworks",
				);
				PRODUCT_BUNDLE_IDENTIFIER = network.matic.DaggerExample;
				PRODUCT_NAME = "$(TARGET_NAME)";
				SWIFT_VERSION = 5.0;
				TARGETED_DEVICE_FAMILY = 1;
			};
			name = Release;
		};
/* End XCBuildConfiguration section */

/* Begin XCConfigurationList section */
		3BE6B6A6246C0C9C00CB2C45 /* Build configuration list for PBXProject "DaggerExample" */ = {
			isa = XCConfigurationList;
			buildConfigurations = (
				3BE6B6BD246C0C9E00CB2C45 /* Debug */,
				3BE6B6BE246C0C9E00CB2C45 /* Release */,
			);
			defaultConfigurationIsVisible = 0;
			defaultConfigurationName = Release;
		};
		3BE6B6BF246C0C9E00CB2C45 /* Build configuration list for PBXNativeTarget "DaggerExample" */ = {
			isa = XCConfigurationList;
			buildConfigurations = (
				3BE6B6C0246C0C9E00CB2C45 /* Debug */,
				3BE6B6C1246C0C9E00CB2C45 /* Release */,
			);
			defaultConfigurationIsVisible = 0;
			defaultConfigurationName = Release;
		};
/* End XCConfigurationList section */
	};
	rootObject = 3BE6B6A3246C0C9C00CB2C45 /* Project object */;
}
