{
  "object": {
    "pins": [
      {
        "package": "Dagger",
        "repositoryURL": "/Volumes/Harddisk/Matic/dagger-sdk-swift",
        "state": {
          "branch": "master",
          "revision": "0c4da518d11c37d3055f55dbeb3a2a4fa6de19e0",
          "version": null
        }
      },
      {
        "package": "SwiftMQTT",
        "repositoryURL": "https://github.com/aciidb0mb3r/SwiftMQTT",
        "state": {
          "branch": "master",
          "revision": "6667e19b0d63f00cfe7769b133ab95b1bbbf136a",
          "version": null
        }
      }
    ]
  },
  "version": 1
}
